
Microsoft Visual Studio Solution File, Format Version 12.00
# Visual Studio Version 17
VisualStudioVersion = 17.11.35327.3
MinimumVisualStudioVersion = 10.0.40219.1
Project("{FAE04EC0-301F-11D3-BF4B-00C04F79EFBC}") = "p3ppc.nighttimemusic", "p3ppc.nighttimemusic\p3ppc.nighttimemusic.csproj", "{9C184172-9F9B-4735-8412-84B30C2485FB}"
EndProject
Global
	GlobalSection(SolutionConfigurationPlatforms) = preSolution
		Debug|Any CPU = Debug|Any CPU
		Release|Any CPU = Release|Any CPU
	EndGlobalSection
	GlobalSection(ProjectConfigurationPlatforms) = postSolution
		{9C184172-9F9B-4735-8412-84B30C2485FB}.Debug|Any CPU.ActiveCfg = Debug|Any CPU
		{9C184172-9F9B-4735-8412-84B30C2485FB}.Debug|Any CPU.Build.0 = Debug|Any CPU
		{9C184172-9F9B-4735-8412-84B30C2485FB}.Release|Any CPU.ActiveCfg = Release|Any CPU
		{9C184172-9F9B-4735-8412-84B30C2485FB}.Release|Any CPU.Build.0 = Release|Any CPU
	EndGlobalSection
	GlobalSection(SolutionProperties) = preSolution
		HideSolutionNode = FALSE
	EndGlobalSection
	GlobalSection(ExtensibilityGlobals) = postSolution
		SolutionGuid = {C443AA86-D4CC-4BD0-B00F-23608A16A5FF}
	EndGlobalSection
EndGlobal
